
Microsoft Visual Studio Solution File, Format Version 12.00
# Visual Studio Version 16
VisualStudioVersion = 16.0.33423.256
MinimumVisualStudioVersion = 10.0.40219.1
Project("{FAE04EC0-301F-11D3-BF4B-00C04F79EFBC}") = "week-10", "week-10\week-10.csproj", "{EBDABEE1-0C29-4BA2-81C4-C3407D8EC8DB}"
EndProject
Global
	GlobalSection(SolutionConfigurationPlatforms) = preSolution
		Debug|Any CPU = Debug|Any CPU
		Release|Any CPU = Release|Any CPU
	EndGlobalSection
	GlobalSection(ProjectConfigurationPlatforms) = postSolution
		{EBDABEE1-0C29-4BA2-81C4-C3407D8EC8DB}.Debug|Any CPU.ActiveCfg = Debug|Any CPU
		{EBDABEE1-0C29-4BA2-81C4-C3407D8EC8DB}.Debug|Any CPU.Build.0 = Debug|Any CPU
		{EBDABEE1-0C29-4BA2-81C4-C3407D8EC8DB}.Release|Any CPU.ActiveCfg = Release|Any CPU
		{EBDABEE1-0C29-4BA2-81C4-C3407D8EC8DB}.Release|Any CPU.Build.0 = Release|Any CPU
	EndGlobalSection
	GlobalSection(SolutionProperties) = preSolution
		HideSolutionNode = FALSE
	EndGlobalSection
	GlobalSection(ExtensibilityGlobals) = postSolution
		SolutionGuid = {ACEC9F72-561B-4CBC-8305-036AC9A6858E}
	EndGlobalSection
EndGlobal
