
Microsoft Visual Studio Solution File, Format Version 12.00
# Visual Studio Version 16
VisualStudioVersion = 16.0.33423.256
MinimumVisualStudioVersion = 10.0.40219.1
Project("{FAE04EC0-301F-11D3-BF4B-00C04F79EFBC}") = "Week-08", "Week-08\Week-08.csproj", "{3066E00F-447A-4968-8B16-E27125793A35}"
EndProject
Global
	GlobalSection(SolutionConfigurationPlatforms) = preSolution
		Debug|Any CPU = Debug|Any CPU
		Release|Any CPU = Release|Any CPU
	EndGlobalSection
	GlobalSection(ProjectConfigurationPlatforms) = postSolution
		{3066E00F-447A-4968-8B16-E27125793A35}.Debug|Any CPU.ActiveCfg = Debug|Any CPU
		{3066E00F-447A-4968-8B16-E27125793A35}.Debug|Any CPU.Build.0 = Debug|Any CPU
		{3066E00F-447A-4968-8B16-E27125793A35}.Release|Any CPU.ActiveCfg = Release|Any CPU
		{3066E00F-447A-4968-8B16-E27125793A35}.Release|Any CPU.Build.0 = Release|Any CPU
	EndGlobalSection
	GlobalSection(SolutionProperties) = preSolution
		HideSolutionNode = FALSE
	EndGlobalSection
	GlobalSection(ExtensibilityGlobals) = postSolution
		SolutionGuid = {15102514-4FD3-42F6-B5AD-34632C860213}
	EndGlobalSection
EndGlobal
