
Microsoft Visual Studio Solution File, Format Version 12.00
# Visual Studio Version 16
VisualStudioVersion = 16.0.33423.256
MinimumVisualStudioVersion = 10.0.40219.1
Project("{FAE04EC0-301F-11D3-BF4B-00C04F79EFBC}") = "SIgninapplication", "SIgninapplication\SIgninapplication.csproj", "{35CE94A9-C4B4-4D22-9469-83CE5DDC7263}"
EndProject
Global
	GlobalSection(SolutionConfigurationPlatforms) = preSolution
		Debug|Any CPU = Debug|Any CPU
		Release|Any CPU = Release|Any CPU
	EndGlobalSection
	GlobalSection(ProjectConfigurationPlatforms) = postSolution
		{35CE94A9-C4B4-4D22-9469-83CE5DDC7263}.Debug|Any CPU.ActiveCfg = Debug|Any CPU
		{35CE94A9-C4B4-4D22-9469-83CE5DDC7263}.Debug|Any CPU.Build.0 = Debug|Any CPU
		{35CE94A9-C4B4-4D22-9469-83CE5DDC7263}.Release|Any CPU.ActiveCfg = Release|Any CPU
		{35CE94A9-C4B4-4D22-9469-83CE5DDC7263}.Release|Any CPU.Build.0 = Release|Any CPU
	EndGlobalSection
	GlobalSection(SolutionProperties) = preSolution
		HideSolutionNode = FALSE
	EndGlobalSection
	GlobalSection(ExtensibilityGlobals) = postSolution
		SolutionGuid = {18BEF5F5-0FC1-4156-A282-96517D0AA306}
	EndGlobalSection
EndGlobal
