
Microsoft Visual Studio Solution File, Format Version 12.00
# Visual Studio Version 16
VisualStudioVersion = 16.0.33423.256
MinimumVisualStudioVersion = 10.0.40219.1
Project("{FAE04EC0-301F-11D3-BF4B-00C04F79EFBC}") = "week-02", "week-02\week-02.csproj", "{A0BA647B-43D1-4E7F-A792-76B95266AE4D}"
EndProject
Global
	GlobalSection(SolutionConfigurationPlatforms) = preSolution
		Debug|Any CPU = Debug|Any CPU
		Release|Any CPU = Release|Any CPU
	EndGlobalSection
	GlobalSection(ProjectConfigurationPlatforms) = postSolution
		{A0BA647B-43D1-4E7F-A792-76B95266AE4D}.Debug|Any CPU.ActiveCfg = Debug|Any CPU
		{A0BA647B-43D1-4E7F-A792-76B95266AE4D}.Debug|Any CPU.Build.0 = Debug|Any CPU
		{A0BA647B-43D1-4E7F-A792-76B95266AE4D}.Release|Any CPU.ActiveCfg = Release|Any CPU
		{A0BA647B-43D1-4E7F-A792-76B95266AE4D}.Release|Any CPU.Build.0 = Release|Any CPU
	EndGlobalSection
	GlobalSection(SolutionProperties) = preSolution
		HideSolutionNode = FALSE
	EndGlobalSection
	GlobalSection(ExtensibilityGlobals) = postSolution
		SolutionGuid = {D70A8A96-B0DC-41F4-8711-921E53E49ACA}
	EndGlobalSection
EndGlobal
