
Microsoft Visual Studio Solution File, Format Version 12.00
# Visual Studio Version 16
VisualStudioVersion = 16.0.33423.256
MinimumVisualStudioVersion = 10.0.40219.1
Project("{FAE04EC0-301F-11D3-BF4B-00C04F79EFBC}") = "Week 06 PD", "Week 06 PD\Week 06 PD.csproj", "{AC5A53EB-340D-477D-8920-E3043599FF34}"
EndProject
Global
	GlobalSection(SolutionConfigurationPlatforms) = preSolution
		Debug|Any CPU = Debug|Any CPU
		Release|Any CPU = Release|Any CPU
	EndGlobalSection
	GlobalSection(ProjectConfigurationPlatforms) = postSolution
		{AC5A53EB-340D-477D-8920-E3043599FF34}.Debug|Any CPU.ActiveCfg = Debug|Any CPU
		{AC5A53EB-340D-477D-8920-E3043599FF34}.Debug|Any CPU.Build.0 = Debug|Any CPU
		{AC5A53EB-340D-477D-8920-E3043599FF34}.Release|Any CPU.ActiveCfg = Release|Any CPU
		{AC5A53EB-340D-477D-8920-E3043599FF34}.Release|Any CPU.Build.0 = Release|Any CPU
	EndGlobalSection
	GlobalSection(SolutionProperties) = preSolution
		HideSolutionNode = FALSE
	EndGlobalSection
	GlobalSection(ExtensibilityGlobals) = postSolution
		SolutionGuid = {ED39F766-9951-407C-8AC1-01CBD34CEE41}
	EndGlobalSection
EndGlobal
