
Microsoft Visual Studio Solution File, Format Version 12.00
# Visual Studio Version 16
VisualStudioVersion = 16.0.33423.256
MinimumVisualStudioVersion = 10.0.40219.1
Project("{FAE04EC0-301F-11D3-BF4B-00C04F79EFBC}") = "challengee02-w5", "challengee02-w5\challengee02-w5.csproj", "{A67969B4-CB10-4B85-A110-CA3F3EC38624}"
EndProject
Global
	GlobalSection(SolutionConfigurationPlatforms) = preSolution
		Debug|Any CPU = Debug|Any CPU
		Release|Any CPU = Release|Any CPU
	EndGlobalSection
	GlobalSection(ProjectConfigurationPlatforms) = postSolution
		{A67969B4-CB10-4B85-A110-CA3F3EC38624}.Debug|Any CPU.ActiveCfg = Debug|Any CPU
		{A67969B4-CB10-4B85-A110-CA3F3EC38624}.Debug|Any CPU.Build.0 = Debug|Any CPU
		{A67969B4-CB10-4B85-A110-CA3F3EC38624}.Release|Any CPU.ActiveCfg = Release|Any CPU
		{A67969B4-CB10-4B85-A110-CA3F3EC38624}.Release|Any CPU.Build.0 = Release|Any CPU
	EndGlobalSection
	GlobalSection(SolutionProperties) = preSolution
		HideSolutionNode = FALSE
	EndGlobalSection
	GlobalSection(ExtensibilityGlobals) = postSolution
		SolutionGuid = {97574232-3CE6-437F-AE2B-10FF003869EE}
	EndGlobalSection
EndGlobal
